
Microsoft Visual Studio Solution File, Format Version 12.00
# Visual Studio 15
VisualStudioVersion = 15.0.26403.3
MinimumVisualStudioVersion = 10.0.40219.1
Project("{FAE04EC0-301F-11D3-BF4B-00C04F79EFBC}") = "School.Business.Students", "School.Students\School.Business.Students.csproj", "{F7EFF364-9777-4CC3-99A5-D0A9977B5334}"
EndProject
Project("{FAE04EC0-301F-11D3-BF4B-00C04F79EFBC}") = "School.Business.Employees", "School.Employees\School.Business.Employees.csproj", "{C3809E7E-5621-4DCE-858C-97277260DF6A}"
EndProject
Project("{2150E333-8FDC-42A3-9474-1A3956D46DE8}") = "DataAccess", "DataAccess", "{81E0EFB8-DA85-4141-BD52-A8A1C26EC933}"
EndProject
Project("{FAE04EC0-301F-11D3-BF4B-00C04F79EFBC}") = "School.Data", "School.Data\School.Data.csproj", "{47567259-CCB2-4C14-8CAE-EEFDF0E200BF}"
EndProject
Project("{2150E333-8FDC-42A3-9474-1A3956D46DE8}") = "Test", "Test", "{4331AE0B-1673-481D-A09F-CA95D15C4780}"
EndProject
Project("{2150E333-8FDC-42A3-9474-1A3956D46DE8}") = "Core", "Core", "{75F62553-6D41-44B5-9301-419C8B82D174}"
EndProject
Project("{FAE04EC0-301F-11D3-BF4B-00C04F79EFBC}") = "School.Data.Contracts", "School.Data.Contracts\School.Data.Contracts.csproj", "{DAFAA25F-4B80-4AC9-AE90-1588EFFAD8A3}"
EndProject
Project("{FAE04EC0-301F-11D3-BF4B-00C04F79EFBC}") = "School.Business.Passport", "School.Passport\School.Business.Passport.csproj", "{8CF5594B-0749-447B-8434-07F7D7F21936}"
EndProject
Project("{2150E333-8FDC-42A3-9474-1A3956D46DE8}") = "Services", "Services", "{374709A2-7C96-4C74-A106-325AF9BF6E34}"
EndProject
Project("{FAE04EC0-301F-11D3-BF4B-00C04F79EFBC}") = "Core.Common", "Core.Common\Core.Common.csproj", "{DAE19564-667B-4AD3-A6B0-56FB1475B96D}"
EndProject
Project("{FAE04EC0-301F-11D3-BF4B-00C04F79EFBC}") = "Core.Common.Contracts", "Core.Common.Contracts\Core.Common.Contracts.csproj", "{C0024D9D-9370-4C2D-956E-9D921D23D1F1}"
EndProject
Project("{FAE04EC0-301F-11D3-BF4B-00C04F79EFBC}") = "Core.Common.Utilities", "Core.Common.Utilities\Core.Common.Utilities.csproj", "{0C6B4EA9-2361-42B8-9108-63586E861498}"
EndProject
Project("{2150E333-8FDC-42A3-9474-1A3956D46DE8}") = "Business", "Business", "{74DC3951-59F9-4F0E-BF76-9701557F11BD}"
EndProject
Project("{FAE04EC0-301F-11D3-BF4B-00C04F79EFBC}") = "Core.Response.Status", "Core.Response\Core.Response.Status.csproj", "{99E8A972-4D58-4A17-98A0-9C63E6CF78F3}"
EndProject
Project("{FAE04EC0-301F-11D3-BF4B-00C04F79EFBC}") = "Core.Common.School", "Core.Common.SchoolCode\Core.Common.School.csproj", "{BA340F70-01CE-4AAA-B6B9-AEF993465B7A}"
EndProject
Project("{FAE04EC0-301F-11D3-BF4B-00C04F79EFBC}") = "Core.Common.School.Contracts", "Core.Common.SchoolCode.Contracts\Core.Common.School.Contracts.csproj", "{DCC3601C-2BD4-4661-9DD7-E4E6FFB378F0}"
EndProject
Project("{FAE04EC0-301F-11D3-BF4B-00C04F79EFBC}") = "School.Business.School", "School.Business.School\School.Business.School.csproj", "{2257EB3E-E722-4B46-8E1A-5D4643A6104B}"
EndProject
Project("{2150E333-8FDC-42A3-9474-1A3956D46DE8}") = "Client Business", "Client Business", "{06E5BDDA-9925-4B75-A376-8EE5F7EE0CBF}"
EndProject
Project("{FAE04EC0-301F-11D3-BF4B-00C04F79EFBC}") = "School.Client.Business.Employees", "School.Client.Business.Employees\School.Client.Business.Employees.csproj", "{8EE0B08E-0587-43E6-9EB9-C16BCE96D8A2}"
EndProject
Project("{FAE04EC0-301F-11D3-BF4B-00C04F79EFBC}") = "School.Client.Business.Students", "School.Client.Business.Students\School.Client.Business.Students.csproj", "{619CD528-85EF-4CD0-A048-C571EEE120C8}"
EndProject
Project("{FAE04EC0-301F-11D3-BF4B-00C04F79EFBC}") = "School.Client.Business.Passport", "School.Client.Business.Passport\School.Client.Business.Passport.csproj", "{CA5A4483-1E8E-4E15-A699-30DBA8740398}"
EndProject
Project("{FAE04EC0-301F-11D3-BF4B-00C04F79EFBC}") = "School.Business.Classes", "School.Business.Classes\School.Business.Classes.csproj", "{EFCADD19-E36A-48AE-94E9-0B2DDEAE83AF}"
EndProject
Project("{FAE04EC0-301F-11D3-BF4B-00C04F79EFBC}") = "School.Business.Subjects", "School.Business.Subjects\School.Business.Subjects.csproj", "{9250F0E1-D065-4156-B4C6-7F2280741363}"
EndProject
Project("{FAE04EC0-301F-11D3-BF4B-00C04F79EFBC}") = "School.Business.ClassSubjects", "School.Business.ClassSubjects\School.Business.ClassSubjects.csproj", "{E85F81D0-E3B5-4F57-98C1-9B34E5FA43C1}"
EndProject
Project("{FAE04EC0-301F-11D3-BF4B-00C04F79EFBC}") = "School.Business.ClassEnrolment", "School.Business.ClassEnrolment\School.Business.ClassEnrolment.csproj", "{29629542-287A-4575-8FF6-5B231D80295C}"
EndProject
Project("{FAE04EC0-301F-11D3-BF4B-00C04F79EFBC}") = "School.Business.Parents", "School.Business.Parents\School.Business.Parents.csproj", "{BDA0CE42-CE5E-42DF-A04A-0CAEF8818370}"
EndProject
Project("{FAE04EC0-301F-11D3-BF4B-00C04F79EFBC}") = "School.Business.Origin", "School.Business.Origin\School.Business.Origin.csproj", "{024513A9-BD0C-486F-84CD-F8B675929098}"
EndProject
Project("{FAE04EC0-301F-11D3-BF4B-00C04F79EFBC}") = "School.Business.AcademicSettings", "School.Business.Session\School.Business.AcademicSettings.csproj", "{6D0F65EB-E630-46B2-8A58-76DE19E90DB8}"
EndProject
Project("{FAE04EC0-301F-11D3-BF4B-00C04F79EFBC}") = "School.Business.Scores", "School.Business.ResultPosting\School.Business.Scores.csproj", "{34DBD6F8-EB93-4892-8C20-A1ED37B43847}"
EndProject
Project("{FAE04EC0-301F-11D3-BF4B-00C04F79EFBC}") = "School.Business.Attendance", "School.Business.Attendance\School.Business.Attendance.csproj", "{AB13F2B8-990E-42A3-A689-FD111B371A69}"
EndProject
Project("{FAE04EC0-301F-11D3-BF4B-00C04F79EFBC}") = "School.Business.TimeTable", "School.Business.TimeTable\School.Business.TimeTable.csproj", "{EA77AFE9-C9DA-4F73-8917-F0E5743E0D84}"
EndProject
Project("{2150E333-8FDC-42A3-9474-1A3956D46DE8}") = "User Identity", "User Identity", "{79364E6D-FDFF-4805-AA9B-A7C5C1AD8046}"
EndProject
Project("{FAE04EC0-301F-11D3-BF4B-00C04F79EFBC}") = "User.Identity.Provider", "User.Identity.Provider\User.Identity.Provider.csproj", "{B575550B-60A4-4418-A5FE-454695EB6B48}"
EndProject
Project("{FAE04EC0-301F-11D3-BF4B-00C04F79EFBC}") = "School.Client.Business.Scores", "School.Client.Business.Scores\School.Client.Business.Scores.csproj", "{5A444297-2510-4F90-BA69-958EC360DA72}"
EndProject
Project("{FAE04EC0-301F-11D3-BF4B-00C04F79EFBC}") = "School.Client.Business.Academic.Setting", "School.Client.Business.Academic.Setting\School.Client.Business.Academic.Setting.csproj", "{656E2AEB-70CA-4A7B-A1BD-C4510AE6C529}"
EndProject
Project("{FAE04EC0-301F-11D3-BF4B-00C04F79EFBC}") = "School.Client.Business.StudentsAttendance", "School.Client.Business.StudentsAttendance\School.Client.Business.StudentsAttendance.csproj", "{7E3C0D94-F737-4C68-A936-E33E4B8E1499}"
EndProject
Project("{FAE04EC0-301F-11D3-BF4B-00C04F79EFBC}") = "School.Client.Business.ClassEnrolments", "School.Client.Business.ClassEnrolments\School.Client.Business.ClassEnrolments.csproj", "{F3BAA749-3E7F-49CA-BC93-210A352A0C54}"
EndProject
Project("{FAE04EC0-301F-11D3-BF4B-00C04F79EFBC}") = "School.Client.Business.SchoolClasses", "School.Client.Business.SchoolClasses\School.Client.Business.SchoolClasses.csproj", "{AE8D3E06-30A6-4F2E-8C8B-4889A628EE49}"
EndProject
Project("{FAE04EC0-301F-11D3-BF4B-00C04F79EFBC}") = "School.Client.Business.ClassSubject", "School.Client.Business.ClassSubject\School.Client.Business.ClassSubject.csproj", "{E3806895-D09A-44B4-8F5D-3B97DD3AC6FF}"
EndProject
Project("{FAE04EC0-301F-11D3-BF4B-00C04F79EFBC}") = "School.Client.Business.Location", "School.Client.Business.Location\School.Client.Business.Location.csproj", "{73B37A6F-903B-4464-A79D-2C495ABDFE29}"
EndProject
Project("{FAE04EC0-301F-11D3-BF4B-00C04F79EFBC}") = "School.Client.Business.Guardian", "School.Client.Business.Guardian\School.Client.Business.Guardian.csproj", "{C43B3148-BBC2-4FD9-8D2D-3B0ABB8F1D0C}"
EndProject
Project("{FAE04EC0-301F-11D3-BF4B-00C04F79EFBC}") = "School.Client.Business.SchoolInfo", "School.Client.Business.SchoolInfo\School.Client.Business.SchoolInfo.csproj", "{9CB7043F-C879-41C4-BA44-347785D4C001}"
EndProject
Project("{FAE04EC0-301F-11D3-BF4B-00C04F79EFBC}") = "School.Client.Business.SubjectRegistration", "School.Client.Business.SubjectRegistration\School.Client.Business.SubjectRegistration.csproj", "{4A27D446-358E-4A37-9FC7-C578CC78BF80}"
EndProject
Project("{FAE04EC0-301F-11D3-BF4B-00C04F79EFBC}") = "School.Client.Business.ClassTimeTable", "School.Client.Business.ClassTimeTable\School.Client.Business.ClassTimeTable.csproj", "{FAD94269-F5D2-40E5-9048-881B63123F2B}"
EndProject
Project("{FAE04EC0-301F-11D3-BF4B-00C04F79EFBC}") = "School.Registration.Service", "School.Registration.Service\School.Registration.Service.csproj", "{39B2F08E-5A90-40A5-94A6-86E4274BC160}"
EndProject
Global
	GlobalSection(SolutionConfigurationPlatforms) = preSolution
		Debug|Any CPU = Debug|Any CPU
		Release|Any CPU = Release|Any CPU
	EndGlobalSection
	GlobalSection(ProjectConfigurationPlatforms) = postSolution
		{F7EFF364-9777-4CC3-99A5-D0A9977B5334}.Debug|Any CPU.ActiveCfg = Debug|Any CPU
		{F7EFF364-9777-4CC3-99A5-D0A9977B5334}.Debug|Any CPU.Build.0 = Debug|Any CPU
		{F7EFF364-9777-4CC3-99A5-D0A9977B5334}.Release|Any CPU.ActiveCfg = Release|Any CPU
		{F7EFF364-9777-4CC3-99A5-D0A9977B5334}.Release|Any CPU.Build.0 = Release|Any CPU
		{C3809E7E-5621-4DCE-858C-97277260DF6A}.Debug|Any CPU.ActiveCfg = Debug|Any CPU
		{C3809E7E-5621-4DCE-858C-97277260DF6A}.Debug|Any CPU.Build.0 = Debug|Any CPU
		{C3809E7E-5621-4DCE-858C-97277260DF6A}.Release|Any CPU.ActiveCfg = Release|Any CPU
		{C3809E7E-5621-4DCE-858C-97277260DF6A}.Release|Any CPU.Build.0 = Release|Any CPU
		{47567259-CCB2-4C14-8CAE-EEFDF0E200BF}.Debug|Any CPU.ActiveCfg = Debug|Any CPU
		{47567259-CCB2-4C14-8CAE-EEFDF0E200BF}.Debug|Any CPU.Build.0 = Debug|Any CPU
		{47567259-CCB2-4C14-8CAE-EEFDF0E200BF}.Release|Any CPU.ActiveCfg = Release|Any CPU
		{47567259-CCB2-4C14-8CAE-EEFDF0E200BF}.Release|Any CPU.Build.0 = Release|Any CPU
		{DAFAA25F-4B80-4AC9-AE90-1588EFFAD8A3}.Debug|Any CPU.ActiveCfg = Debug|Any CPU
		{DAFAA25F-4B80-4AC9-AE90-1588EFFAD8A3}.Debug|Any CPU.Build.0 = Debug|Any CPU
		{DAFAA25F-4B80-4AC9-AE90-1588EFFAD8A3}.Release|Any CPU.ActiveCfg = Release|Any CPU
		{DAFAA25F-4B80-4AC9-AE90-1588EFFAD8A3}.Release|Any CPU.Build.0 = Release|Any CPU
		{8CF5594B-0749-447B-8434-07F7D7F21936}.Debug|Any CPU.ActiveCfg = Debug|Any CPU
		{8CF5594B-0749-447B-8434-07F7D7F21936}.Debug|Any CPU.Build.0 = Debug|Any CPU
		{8CF5594B-0749-447B-8434-07F7D7F21936}.Release|Any CPU.ActiveCfg = Release|Any CPU
		{8CF5594B-0749-447B-8434-07F7D7F21936}.Release|Any CPU.Build.0 = Release|Any CPU
		{DAE19564-667B-4AD3-A6B0-56FB1475B96D}.Debug|Any CPU.ActiveCfg = Debug|Any CPU
		{DAE19564-667B-4AD3-A6B0-56FB1475B96D}.Debug|Any CPU.Build.0 = Debug|Any CPU
		{DAE19564-667B-4AD3-A6B0-56FB1475B96D}.Release|Any CPU.ActiveCfg = Release|Any CPU
		{DAE19564-667B-4AD3-A6B0-56FB1475B96D}.Release|Any CPU.Build.0 = Release|Any CPU
		{C0024D9D-9370-4C2D-956E-9D921D23D1F1}.Debug|Any CPU.ActiveCfg = Debug|Any CPU
		{C0024D9D-9370-4C2D-956E-9D921D23D1F1}.Debug|Any CPU.Build.0 = Debug|Any CPU
		{C0024D9D-9370-4C2D-956E-9D921D23D1F1}.Release|Any CPU.ActiveCfg = Release|Any CPU
		{C0024D9D-9370-4C2D-956E-9D921D23D1F1}.Release|Any CPU.Build.0 = Release|Any CPU
		{0C6B4EA9-2361-42B8-9108-63586E861498}.Debug|Any CPU.ActiveCfg = Debug|Any CPU
		{0C6B4EA9-2361-42B8-9108-63586E861498}.Debug|Any CPU.Build.0 = Debug|Any CPU
		{0C6B4EA9-2361-42B8-9108-63586E861498}.Release|Any CPU.ActiveCfg = Release|Any CPU
		{0C6B4EA9-2361-42B8-9108-63586E861498}.Release|Any CPU.Build.0 = Release|Any CPU
		{99E8A972-4D58-4A17-98A0-9C63E6CF78F3}.Debug|Any CPU.ActiveCfg = Debug|Any CPU
		{99E8A972-4D58-4A17-98A0-9C63E6CF78F3}.Debug|Any CPU.Build.0 = Debug|Any CPU
		{99E8A972-4D58-4A17-98A0-9C63E6CF78F3}.Release|Any CPU.ActiveCfg = Release|Any CPU
		{99E8A972-4D58-4A17-98A0-9C63E6CF78F3}.Release|Any CPU.Build.0 = Release|Any CPU
		{BA340F70-01CE-4AAA-B6B9-AEF993465B7A}.Debug|Any CPU.ActiveCfg = Debug|Any CPU
		{BA340F70-01CE-4AAA-B6B9-AEF993465B7A}.Debug|Any CPU.Build.0 = Debug|Any CPU
		{BA340F70-01CE-4AAA-B6B9-AEF993465B7A}.Release|Any CPU.ActiveCfg = Release|Any CPU
		{BA340F70-01CE-4AAA-B6B9-AEF993465B7A}.Release|Any CPU.Build.0 = Release|Any CPU
		{DCC3601C-2BD4-4661-9DD7-E4E6FFB378F0}.Debug|Any CPU.ActiveCfg = Debug|Any CPU
		{DCC3601C-2BD4-4661-9DD7-E4E6FFB378F0}.Debug|Any CPU.Build.0 = Debug|Any CPU
		{DCC3601C-2BD4-4661-9DD7-E4E6FFB378F0}.Release|Any CPU.ActiveCfg = Release|Any CPU
		{DCC3601C-2BD4-4661-9DD7-E4E6FFB378F0}.Release|Any CPU.Build.0 = Release|Any CPU
		{2257EB3E-E722-4B46-8E1A-5D4643A6104B}.Debug|Any CPU.ActiveCfg = Debug|Any CPU
		{2257EB3E-E722-4B46-8E1A-5D4643A6104B}.Debug|Any CPU.Build.0 = Debug|Any CPU
		{2257EB3E-E722-4B46-8E1A-5D4643A6104B}.Release|Any CPU.ActiveCfg = Release|Any CPU
		{2257EB3E-E722-4B46-8E1A-5D4643A6104B}.Release|Any CPU.Build.0 = Release|Any CPU
		{8EE0B08E-0587-43E6-9EB9-C16BCE96D8A2}.Debug|Any CPU.ActiveCfg = Debug|Any CPU
		{8EE0B08E-0587-43E6-9EB9-C16BCE96D8A2}.Debug|Any CPU.Build.0 = Debug|Any CPU
		{8EE0B08E-0587-43E6-9EB9-C16BCE96D8A2}.Release|Any CPU.ActiveCfg = Release|Any CPU
		{8EE0B08E-0587-43E6-9EB9-C16BCE96D8A2}.Release|Any CPU.Build.0 = Release|Any CPU
		{619CD528-85EF-4CD0-A048-C571EEE120C8}.Debug|Any CPU.ActiveCfg = Debug|Any CPU
		{619CD528-85EF-4CD0-A048-C571EEE120C8}.Debug|Any CPU.Build.0 = Debug|Any CPU
		{619CD528-85EF-4CD0-A048-C571EEE120C8}.Release|Any CPU.ActiveCfg = Release|Any CPU
		{619CD528-85EF-4CD0-A048-C571EEE120C8}.Release|Any CPU.Build.0 = Release|Any CPU
		{CA5A4483-1E8E-4E15-A699-30DBA8740398}.Debug|Any CPU.ActiveCfg = Debug|Any CPU
		{CA5A4483-1E8E-4E15-A699-30DBA8740398}.Debug|Any CPU.Build.0 = Debug|Any CPU
		{CA5A4483-1E8E-4E15-A699-30DBA8740398}.Release|Any CPU.ActiveCfg = Release|Any CPU
		{CA5A4483-1E8E-4E15-A699-30DBA8740398}.Release|Any CPU.Build.0 = Release|Any CPU
		{EFCADD19-E36A-48AE-94E9-0B2DDEAE83AF}.Debug|Any CPU.ActiveCfg = Debug|Any CPU
		{EFCADD19-E36A-48AE-94E9-0B2DDEAE83AF}.Debug|Any CPU.Build.0 = Debug|Any CPU
		{EFCADD19-E36A-48AE-94E9-0B2DDEAE83AF}.Release|Any CPU.ActiveCfg = Release|Any CPU
		{EFCADD19-E36A-48AE-94E9-0B2DDEAE83AF}.Release|Any CPU.Build.0 = Release|Any CPU
		{9250F0E1-D065-4156-B4C6-7F2280741363}.Debug|Any CPU.ActiveCfg = Debug|Any CPU
		{9250F0E1-D065-4156-B4C6-7F2280741363}.Debug|Any CPU.Build.0 = Debug|Any CPU
		{9250F0E1-D065-4156-B4C6-7F2280741363}.Release|Any CPU.ActiveCfg = Release|Any CPU
		{9250F0E1-D065-4156-B4C6-7F2280741363}.Release|Any CPU.Build.0 = Release|Any CPU
		{E85F81D0-E3B5-4F57-98C1-9B34E5FA43C1}.Debug|Any CPU.ActiveCfg = Debug|Any CPU
		{E85F81D0-E3B5-4F57-98C1-9B34E5FA43C1}.Debug|Any CPU.Build.0 = Debug|Any CPU
		{E85F81D0-E3B5-4F57-98C1-9B34E5FA43C1}.Release|Any CPU.ActiveCfg = Release|Any CPU
		{E85F81D0-E3B5-4F57-98C1-9B34E5FA43C1}.Release|Any CPU.Build.0 = Release|Any CPU
		{29629542-287A-4575-8FF6-5B231D80295C}.Debug|Any CPU.ActiveCfg = Debug|Any CPU
		{29629542-287A-4575-8FF6-5B231D80295C}.Debug|Any CPU.Build.0 = Debug|Any CPU
		{29629542-287A-4575-8FF6-5B231D80295C}.Release|Any CPU.ActiveCfg = Release|Any CPU
		{29629542-287A-4575-8FF6-5B231D80295C}.Release|Any CPU.Build.0 = Release|Any CPU
		{BDA0CE42-CE5E-42DF-A04A-0CAEF8818370}.Debug|Any CPU.ActiveCfg = Debug|Any CPU
		{BDA0CE42-CE5E-42DF-A04A-0CAEF8818370}.Debug|Any CPU.Build.0 = Debug|Any CPU
		{BDA0CE42-CE5E-42DF-A04A-0CAEF8818370}.Release|Any CPU.ActiveCfg = Release|Any CPU
		{BDA0CE42-CE5E-42DF-A04A-0CAEF8818370}.Release|Any CPU.Build.0 = Release|Any CPU
		{024513A9-BD0C-486F-84CD-F8B675929098}.Debug|Any CPU.ActiveCfg = Debug|Any CPU
		{024513A9-BD0C-486F-84CD-F8B675929098}.Debug|Any CPU.Build.0 = Debug|Any CPU
		{024513A9-BD0C-486F-84CD-F8B675929098}.Release|Any CPU.ActiveCfg = Release|Any CPU
		{024513A9-BD0C-486F-84CD-F8B675929098}.Release|Any CPU.Build.0 = Release|Any CPU
		{6D0F65EB-E630-46B2-8A58-76DE19E90DB8}.Debug|Any CPU.ActiveCfg = Debug|Any CPU
		{6D0F65EB-E630-46B2-8A58-76DE19E90DB8}.Debug|Any CPU.Build.0 = Debug|Any CPU
		{6D0F65EB-E630-46B2-8A58-76DE19E90DB8}.Release|Any CPU.ActiveCfg = Release|Any CPU
		{6D0F65EB-E630-46B2-8A58-76DE19E90DB8}.Release|Any CPU.Build.0 = Release|Any CPU
		{34DBD6F8-EB93-4892-8C20-A1ED37B43847}.Debug|Any CPU.ActiveCfg = Debug|Any CPU
		{34DBD6F8-EB93-4892-8C20-A1ED37B43847}.Debug|Any CPU.Build.0 = Debug|Any CPU
		{34DBD6F8-EB93-4892-8C20-A1ED37B43847}.Release|Any CPU.ActiveCfg = Release|Any CPU
		{34DBD6F8-EB93-4892-8C20-A1ED37B43847}.Release|Any CPU.Build.0 = Release|Any CPU
		{AB13F2B8-990E-42A3-A689-FD111B371A69}.Debug|Any CPU.ActiveCfg = Debug|Any CPU
		{AB13F2B8-990E-42A3-A689-FD111B371A69}.Debug|Any CPU.Build.0 = Debug|Any CPU
		{AB13F2B8-990E-42A3-A689-FD111B371A69}.Release|Any CPU.ActiveCfg = Release|Any CPU
		{AB13F2B8-990E-42A3-A689-FD111B371A69}.Release|Any CPU.Build.0 = Release|Any CPU
		{EA77AFE9-C9DA-4F73-8917-F0E5743E0D84}.Debug|Any CPU.ActiveCfg = Debug|Any CPU
		{EA77AFE9-C9DA-4F73-8917-F0E5743E0D84}.Debug|Any CPU.Build.0 = Debug|Any CPU
		{EA77AFE9-C9DA-4F73-8917-F0E5743E0D84}.Release|Any CPU.ActiveCfg = Release|Any CPU
		{EA77AFE9-C9DA-4F73-8917-F0E5743E0D84}.Release|Any CPU.Build.0 = Release|Any CPU
		{B575550B-60A4-4418-A5FE-454695EB6B48}.Debug|Any CPU.ActiveCfg = Debug|Any CPU
		{B575550B-60A4-4418-A5FE-454695EB6B48}.Debug|Any CPU.Build.0 = Debug|Any CPU
		{B575550B-60A4-4418-A5FE-454695EB6B48}.Release|Any CPU.ActiveCfg = Release|Any CPU
		{B575550B-60A4-4418-A5FE-454695EB6B48}.Release|Any CPU.Build.0 = Release|Any CPU
		{5A444297-2510-4F90-BA69-958EC360DA72}.Debug|Any CPU.ActiveCfg = Debug|Any CPU
		{5A444297-2510-4F90-BA69-958EC360DA72}.Debug|Any CPU.Build.0 = Debug|Any CPU
		{5A444297-2510-4F90-BA69-958EC360DA72}.Release|Any CPU.ActiveCfg = Release|Any CPU
		{5A444297-2510-4F90-BA69-958EC360DA72}.Release|Any CPU.Build.0 = Release|Any CPU
		{656E2AEB-70CA-4A7B-A1BD-C4510AE6C529}.Debug|Any CPU.ActiveCfg = Debug|Any CPU
		{656E2AEB-70CA-4A7B-A1BD-C4510AE6C529}.Debug|Any CPU.Build.0 = Debug|Any CPU
		{656E2AEB-70CA-4A7B-A1BD-C4510AE6C529}.Release|Any CPU.ActiveCfg = Release|Any CPU
		{656E2AEB-70CA-4A7B-A1BD-C4510AE6C529}.Release|Any CPU.Build.0 = Release|Any CPU
		{7E3C0D94-F737-4C68-A936-E33E4B8E1499}.Debug|Any CPU.ActiveCfg = Debug|Any CPU
		{7E3C0D94-F737-4C68-A936-E33E4B8E1499}.Debug|Any CPU.Build.0 = Debug|Any CPU
		{7E3C0D94-F737-4C68-A936-E33E4B8E1499}.Release|Any CPU.ActiveCfg = Release|Any CPU
		{7E3C0D94-F737-4C68-A936-E33E4B8E1499}.Release|Any CPU.Build.0 = Release|Any CPU
		{F3BAA749-3E7F-49CA-BC93-210A352A0C54}.Debug|Any CPU.ActiveCfg = Debug|Any CPU
		{F3BAA749-3E7F-49CA-BC93-210A352A0C54}.Debug|Any CPU.Build.0 = Debug|Any CPU
		{F3BAA749-3E7F-49CA-BC93-210A352A0C54}.Release|Any CPU.ActiveCfg = Release|Any CPU
		{F3BAA749-3E7F-49CA-BC93-210A352A0C54}.Release|Any CPU.Build.0 = Release|Any CPU
		{AE8D3E06-30A6-4F2E-8C8B-4889A628EE49}.Debug|Any CPU.ActiveCfg = Debug|Any CPU
		{AE8D3E06-30A6-4F2E-8C8B-4889A628EE49}.Debug|Any CPU.Build.0 = Debug|Any CPU
		{AE8D3E06-30A6-4F2E-8C8B-4889A628EE49}.Release|Any CPU.ActiveCfg = Release|Any CPU
		{AE8D3E06-30A6-4F2E-8C8B-4889A628EE49}.Release|Any CPU.Build.0 = Release|Any CPU
		{E3806895-D09A-44B4-8F5D-3B97DD3AC6FF}.Debug|Any CPU.ActiveCfg = Debug|Any CPU
		{E3806895-D09A-44B4-8F5D-3B97DD3AC6FF}.Debug|Any CPU.Build.0 = Debug|Any CPU
		{E3806895-D09A-44B4-8F5D-3B97DD3AC6FF}.Release|Any CPU.ActiveCfg = Release|Any CPU
		{E3806895-D09A-44B4-8F5D-3B97DD3AC6FF}.Release|Any CPU.Build.0 = Release|Any CPU
		{73B37A6F-903B-4464-A79D-2C495ABDFE29}.Debug|Any CPU.ActiveCfg = Debug|Any CPU
		{73B37A6F-903B-4464-A79D-2C495ABDFE29}.Debug|Any CPU.Build.0 = Debug|Any CPU
		{73B37A6F-903B-4464-A79D-2C495ABDFE29}.Release|Any CPU.ActiveCfg = Release|Any CPU
		{73B37A6F-903B-4464-A79D-2C495ABDFE29}.Release|Any CPU.Build.0 = Release|Any CPU
		{C43B3148-BBC2-4FD9-8D2D-3B0ABB8F1D0C}.Debug|Any CPU.ActiveCfg = Debug|Any CPU
		{C43B3148-BBC2-4FD9-8D2D-3B0ABB8F1D0C}.Debug|Any CPU.Build.0 = Debug|Any CPU
		{C43B3148-BBC2-4FD9-8D2D-3B0ABB8F1D0C}.Release|Any CPU.ActiveCfg = Release|Any CPU
		{C43B3148-BBC2-4FD9-8D2D-3B0ABB8F1D0C}.Release|Any CPU.Build.0 = Release|Any CPU
		{9CB7043F-C879-41C4-BA44-347785D4C001}.Debug|Any CPU.ActiveCfg = Debug|Any CPU
		{9CB7043F-C879-41C4-BA44-347785D4C001}.Debug|Any CPU.Build.0 = Debug|Any CPU
		{9CB7043F-C879-41C4-BA44-347785D4C001}.Release|Any CPU.ActiveCfg = Release|Any CPU
		{9CB7043F-C879-41C4-BA44-347785D4C001}.Release|Any CPU.Build.0 = Release|Any CPU
		{4A27D446-358E-4A37-9FC7-C578CC78BF80}.Debug|Any CPU.ActiveCfg = Debug|Any CPU
		{4A27D446-358E-4A37-9FC7-C578CC78BF80}.Debug|Any CPU.Build.0 = Debug|Any CPU
		{4A27D446-358E-4A37-9FC7-C578CC78BF80}.Release|Any CPU.ActiveCfg = Release|Any CPU
		{4A27D446-358E-4A37-9FC7-C578CC78BF80}.Release|Any CPU.Build.0 = Release|Any CPU
		{FAD94269-F5D2-40E5-9048-881B63123F2B}.Debug|Any CPU.ActiveCfg = Debug|Any CPU
		{FAD94269-F5D2-40E5-9048-881B63123F2B}.Debug|Any CPU.Build.0 = Debug|Any CPU
		{FAD94269-F5D2-40E5-9048-881B63123F2B}.Release|Any CPU.ActiveCfg = Release|Any CPU
		{FAD94269-F5D2-40E5-9048-881B63123F2B}.Release|Any CPU.Build.0 = Release|Any CPU
		{39B2F08E-5A90-40A5-94A6-86E4274BC160}.Debug|Any CPU.ActiveCfg = Debug|Any CPU
		{39B2F08E-5A90-40A5-94A6-86E4274BC160}.Debug|Any CPU.Build.0 = Debug|Any CPU
		{39B2F08E-5A90-40A5-94A6-86E4274BC160}.Release|Any CPU.ActiveCfg = Release|Any CPU
		{39B2F08E-5A90-40A5-94A6-86E4274BC160}.Release|Any CPU.Build.0 = Release|Any CPU
	EndGlobalSection
	GlobalSection(SolutionProperties) = preSolution
		HideSolutionNode = FALSE
	EndGlobalSection
	GlobalSection(NestedProjects) = preSolution
		{F7EFF364-9777-4CC3-99A5-D0A9977B5334} = {74DC3951-59F9-4F0E-BF76-9701557F11BD}
		{C3809E7E-5621-4DCE-858C-97277260DF6A} = {74DC3951-59F9-4F0E-BF76-9701557F11BD}
		{47567259-CCB2-4C14-8CAE-EEFDF0E200BF} = {81E0EFB8-DA85-4141-BD52-A8A1C26EC933}
		{DAFAA25F-4B80-4AC9-AE90-1588EFFAD8A3} = {81E0EFB8-DA85-4141-BD52-A8A1C26EC933}
		{8CF5594B-0749-447B-8434-07F7D7F21936} = {74DC3951-59F9-4F0E-BF76-9701557F11BD}
		{DAE19564-667B-4AD3-A6B0-56FB1475B96D} = {75F62553-6D41-44B5-9301-419C8B82D174}
		{C0024D9D-9370-4C2D-956E-9D921D23D1F1} = {75F62553-6D41-44B5-9301-419C8B82D174}
		{0C6B4EA9-2361-42B8-9108-63586E861498} = {75F62553-6D41-44B5-9301-419C8B82D174}
		{99E8A972-4D58-4A17-98A0-9C63E6CF78F3} = {75F62553-6D41-44B5-9301-419C8B82D174}
		{BA340F70-01CE-4AAA-B6B9-AEF993465B7A} = {75F62553-6D41-44B5-9301-419C8B82D174}
		{DCC3601C-2BD4-4661-9DD7-E4E6FFB378F0} = {75F62553-6D41-44B5-9301-419C8B82D174}
		{2257EB3E-E722-4B46-8E1A-5D4643A6104B} = {74DC3951-59F9-4F0E-BF76-9701557F11BD}
		{8EE0B08E-0587-43E6-9EB9-C16BCE96D8A2} = {06E5BDDA-9925-4B75-A376-8EE5F7EE0CBF}
		{619CD528-85EF-4CD0-A048-C571EEE120C8} = {06E5BDDA-9925-4B75-A376-8EE5F7EE0CBF}
		{CA5A4483-1E8E-4E15-A699-30DBA8740398} = {06E5BDDA-9925-4B75-A376-8EE5F7EE0CBF}
		{EFCADD19-E36A-48AE-94E9-0B2DDEAE83AF} = {74DC3951-59F9-4F0E-BF76-9701557F11BD}
		{9250F0E1-D065-4156-B4C6-7F2280741363} = {74DC3951-59F9-4F0E-BF76-9701557F11BD}
		{E85F81D0-E3B5-4F57-98C1-9B34E5FA43C1} = {74DC3951-59F9-4F0E-BF76-9701557F11BD}
		{29629542-287A-4575-8FF6-5B231D80295C} = {74DC3951-59F9-4F0E-BF76-9701557F11BD}
		{BDA0CE42-CE5E-42DF-A04A-0CAEF8818370} = {74DC3951-59F9-4F0E-BF76-9701557F11BD}
		{024513A9-BD0C-486F-84CD-F8B675929098} = {74DC3951-59F9-4F0E-BF76-9701557F11BD}
		{6D0F65EB-E630-46B2-8A58-76DE19E90DB8} = {74DC3951-59F9-4F0E-BF76-9701557F11BD}
		{34DBD6F8-EB93-4892-8C20-A1ED37B43847} = {74DC3951-59F9-4F0E-BF76-9701557F11BD}
		{AB13F2B8-990E-42A3-A689-FD111B371A69} = {74DC3951-59F9-4F0E-BF76-9701557F11BD}
		{EA77AFE9-C9DA-4F73-8917-F0E5743E0D84} = {74DC3951-59F9-4F0E-BF76-9701557F11BD}
		{B575550B-60A4-4418-A5FE-454695EB6B48} = {79364E6D-FDFF-4805-AA9B-A7C5C1AD8046}
		{5A444297-2510-4F90-BA69-958EC360DA72} = {06E5BDDA-9925-4B75-A376-8EE5F7EE0CBF}
		{656E2AEB-70CA-4A7B-A1BD-C4510AE6C529} = {06E5BDDA-9925-4B75-A376-8EE5F7EE0CBF}
		{7E3C0D94-F737-4C68-A936-E33E4B8E1499} = {06E5BDDA-9925-4B75-A376-8EE5F7EE0CBF}
		{F3BAA749-3E7F-49CA-BC93-210A352A0C54} = {06E5BDDA-9925-4B75-A376-8EE5F7EE0CBF}
		{AE8D3E06-30A6-4F2E-8C8B-4889A628EE49} = {06E5BDDA-9925-4B75-A376-8EE5F7EE0CBF}
		{E3806895-D09A-44B4-8F5D-3B97DD3AC6FF} = {06E5BDDA-9925-4B75-A376-8EE5F7EE0CBF}
		{73B37A6F-903B-4464-A79D-2C495ABDFE29} = {06E5BDDA-9925-4B75-A376-8EE5F7EE0CBF}
		{C43B3148-BBC2-4FD9-8D2D-3B0ABB8F1D0C} = {06E5BDDA-9925-4B75-A376-8EE5F7EE0CBF}
		{9CB7043F-C879-41C4-BA44-347785D4C001} = {06E5BDDA-9925-4B75-A376-8EE5F7EE0CBF}
		{4A27D446-358E-4A37-9FC7-C578CC78BF80} = {06E5BDDA-9925-4B75-A376-8EE5F7EE0CBF}
		{FAD94269-F5D2-40E5-9048-881B63123F2B} = {06E5BDDA-9925-4B75-A376-8EE5F7EE0CBF}
		{39B2F08E-5A90-40A5-94A6-86E4274BC160} = {374709A2-7C96-4C74-A106-325AF9BF6E34}
	EndGlobalSection
	GlobalSection(ExtensibilityGlobals) = postSolution
		EnterpriseLibraryConfigurationToolBinariesPath = packages\Unity.2.1.505.2\lib\NET35;packages\Unity.2.1.505.0\lib\NET35
		SolutionGuid = {E15346AF-956D-4008-92AF-449E86D93BAE}
	EndGlobalSection
EndGlobal
