
Microsoft Visual Studio Solution File, Format Version 12.00
# Visual Studio 15
VisualStudioVersion = 15.0.27428.2015
MinimumVisualStudioVersion = 10.0.40219.1
Project("{2150E333-8FDC-42A3-9474-1A3956D46DE8}") = "Business", "Business", "{5E373789-FA2C-40B0-9C4E-2C1109209544}"
EndProject
Project("{2150E333-8FDC-42A3-9474-1A3956D46DE8}") = "Client Business", "Client Business", "{1714C5AA-D72E-422F-82FC-106C1016564D}"
EndProject
Project("{2150E333-8FDC-42A3-9474-1A3956D46DE8}") = "Core", "Core", "{C29CF09A-AB36-4FDA-AA32-77D45B136B36}"
EndProject
Project("{2150E333-8FDC-42A3-9474-1A3956D46DE8}") = "DataAccess", "DataAccess", "{5C434E88-80DD-4F17-ABF6-06DC542F51AA}"
EndProject
Project("{2150E333-8FDC-42A3-9474-1A3956D46DE8}") = "Services", "Services", "{8B959438-88F6-45B4-BD28-329D3E9C3717}"
EndProject
Project("{2150E333-8FDC-42A3-9474-1A3956D46DE8}") = "User Identity", "User Identity", "{D8ADE41D-4752-4BEA-BE72-BC20A36E294C}"
EndProject
Project("{2150E333-8FDC-42A3-9474-1A3956D46DE8}") = "Test", "Test", "{10ED88FD-AF57-4D5F-A765-D3F057B7950B}"
EndProject
Project("{9A19103F-16F7-4668-BE54-9A1E7A4F7556}") = "School.Data", "School.Data\School.Data.csproj", "{A6703E02-5890-4FCF-BB39-E555EEE0376F}"
EndProject
Project("{9A19103F-16F7-4668-BE54-9A1E7A4F7556}") = "Core.Common", "Core.Common\Core.Common.csproj", "{4436E4B7-113E-4680-AD9B-B15B83306CEB}"
EndProject
Project("{9A19103F-16F7-4668-BE54-9A1E7A4F7556}") = "Core.Common.School.Contracts", "Core.Common.School\Core.Common.School.Contracts.csproj", "{C204AB14-6C50-4122-A809-823C45C26BAF}"
EndProject
Project("{9A19103F-16F7-4668-BE54-9A1E7A4F7556}") = "School.Business.AcademicSettings", "School.Business.AcademicSettings\School.Business.AcademicSettings.csproj", "{1E319D07-5B6D-4FBC-BEC0-25A4AD9B0728}"
EndProject
Project("{9A19103F-16F7-4668-BE54-9A1E7A4F7556}") = "School.Business.Attendance", "School.Business.Attendance\School.Business.Attendance.csproj", "{6A796DC7-7175-462D-8AE0-B9F2770381BF}"
EndProject
Project("{9A19103F-16F7-4668-BE54-9A1E7A4F7556}") = "School.Business.ClassEnrolment", "School.Business.ClassEnrolment\School.Business.ClassEnrolment.csproj", "{F8FA9C39-FE8D-4F9D-896C-3237193F099D}"
EndProject
Project("{9A19103F-16F7-4668-BE54-9A1E7A4F7556}") = "School.Business.Classes", "School.Business.Classes\School.Business.Classes.csproj", "{E79FBC87-7984-42A8-8153-FF580DD71A18}"
EndProject
Project("{9A19103F-16F7-4668-BE54-9A1E7A4F7556}") = "School.Business.ClassSubjects", "School.Business.ClassSubjects\School.Business.ClassSubjects.csproj", "{BD071D82-31B1-4B98-9191-B4753B431F39}"
EndProject
Project("{9A19103F-16F7-4668-BE54-9A1E7A4F7556}") = "School.Business.Employees", "School.Business.Employees\School.Business.Employees.csproj", "{E91FDC57-9D9F-4836-AC13-44DDF6ADD6C1}"
EndProject
Project("{9A19103F-16F7-4668-BE54-9A1E7A4F7556}") = "School.Business.Origin", "School.Business.Origin\School.Business.Origin.csproj", "{3124FF4C-977A-481F-868C-530547B2A160}"
EndProject
Project("{9A19103F-16F7-4668-BE54-9A1E7A4F7556}") = "School.Business.Parents", "School.Business.Parents\School.Business.Parents.csproj", "{279AC19D-173B-4FAE-B04F-CCFDF4BAFAA9}"
EndProject
Project("{9A19103F-16F7-4668-BE54-9A1E7A4F7556}") = "School.Business.Passport", "School.Business.Passport\School.Business.Passport.csproj", "{EE750FB4-5529-4C41-B695-38E6BF034603}"
EndProject
Project("{9A19103F-16F7-4668-BE54-9A1E7A4F7556}") = "School.Business.School", "School.Business.School\School.Business.School.csproj", "{6CE352B0-1428-4171-9D0A-ADF902638E13}"
EndProject
Project("{9A19103F-16F7-4668-BE54-9A1E7A4F7556}") = "School.Business.Scores", "School.Business.Scores\School.Business.Scores.csproj", "{2CABF361-D44F-436D-9AA3-E2DC283A9151}"
EndProject
Project("{9A19103F-16F7-4668-BE54-9A1E7A4F7556}") = "School.Business.Students", "School.Business.Students\School.Business.Students.csproj", "{794A8BC7-AE52-47C7-A950-64B1EBB71339}"
EndProject
Project("{9A19103F-16F7-4668-BE54-9A1E7A4F7556}") = "School.Business.Subjects", "School.Business.Subjects\School.Business.Subjects.csproj", "{769C820D-ADFB-475B-9BAD-8CF6DFB82D36}"
EndProject
Project("{9A19103F-16F7-4668-BE54-9A1E7A4F7556}") = "School.Business.TimeTable", "School.Business.TimeTable\School.Business.TimeTable.csproj", "{7480E2DA-D5FC-4AE5-A3C7-59B9455BDA40}"
EndProject
Project("{9A19103F-16F7-4668-BE54-9A1E7A4F7556}") = "School.Client.Business.AcademicSettings", "School.Client.Business.AcademicSettings\School.Client.Business.AcademicSettings.csproj", "{8B887D6D-51C2-4311-B034-7160172BF765}"
EndProject
Project("{9A19103F-16F7-4668-BE54-9A1E7A4F7556}") = "School.Client.Business.Attendance", "School.Client.Business.Attendance\School.Client.Business.Attendance.csproj", "{C13A520C-EC38-480A-AC96-90F51B00891F}"
EndProject
Project("{9A19103F-16F7-4668-BE54-9A1E7A4F7556}") = "School.Client.Business.ClassEnrolment", "School.Client.Business.ClassEnrolment\School.Client.Business.ClassEnrolment.csproj", "{4EE03125-4603-4DB0-8285-ADB8BE30A80A}"
EndProject
Project("{9A19103F-16F7-4668-BE54-9A1E7A4F7556}") = "School.Client.Business.Classes", "School.Client.Business.Classes\School.Client.Business.Classes.csproj", "{FA694729-1894-4CBB-84C6-5C6155884FC7}"
EndProject
Project("{9A19103F-16F7-4668-BE54-9A1E7A4F7556}") = "School.Client.Business.ClassSubjects", "School.Client.Business.ClassSubjects\School.Client.Business.ClassSubjects.csproj", "{1681D736-BDF7-45CF-8923-987D3BABA8DB}"
EndProject
Project("{9A19103F-16F7-4668-BE54-9A1E7A4F7556}") = "School.Client.Business.Employees", "School.Client.Business.Employees\School.Client.Business.Employees.csproj", "{1C503DED-84BA-4253-B683-B011EE622609}"
EndProject
Project("{9A19103F-16F7-4668-BE54-9A1E7A4F7556}") = "School.Client.Business.Origin", "School.Client.Business.Origin\School.Client.Business.Origin.csproj", "{5C6B19F8-9612-4934-AFB3-2B0A58473928}"
EndProject
Project("{9A19103F-16F7-4668-BE54-9A1E7A4F7556}") = "School.Client.Business.Parents", "School.Client.Business.Parents\School.Client.Business.Parents.csproj", "{43BD0BE5-84A8-4C17-A613-23AB3698D997}"
EndProject
Project("{9A19103F-16F7-4668-BE54-9A1E7A4F7556}") = "School.Client.Business.Passport", "School.Client.Business.Passport\School.Client.Business.Passport.csproj", "{670ECF35-67B6-4810-B7DB-28BC26CD8434}"
EndProject
Project("{9A19103F-16F7-4668-BE54-9A1E7A4F7556}") = "School.Client.Business.School", "School.Client.Business.School\School.Client.Business.School.csproj", "{98DC9FE3-F8C1-4E12-ABF7-2D90704940CF}"
EndProject
Project("{9A19103F-16F7-4668-BE54-9A1E7A4F7556}") = "School.Client.Business.Students", "School.Client.Business.Students\School.Client.Business.Students.csproj", "{37E1105B-FC87-4BD4-B635-839208337BC9}"
EndProject
Project("{9A19103F-16F7-4668-BE54-9A1E7A4F7556}") = "School.Client.Business.Subjects", "School.Client.Business.Subjects\School.Client.Business.Subjects.csproj", "{54C126BA-1FF9-4EE9-9BAF-9576BA342069}"
EndProject
Project("{9A19103F-16F7-4668-BE54-9A1E7A4F7556}") = "School.Client.Business.TimeTable", "School.Client.Business.TimeTable\School.Client.Business.TimeTable.csproj", "{80C788DE-4237-4C95-94A2-8E606F4CC6F9}"
EndProject
Project("{9A19103F-16F7-4668-BE54-9A1E7A4F7556}") = "Core.Common.Contracts", "Core.Common.Contracts\Core.Common.Contracts.csproj", "{DDCD2273-F9E2-4587-B1BE-CA9A84A44212}"
EndProject
Project("{9A19103F-16F7-4668-BE54-9A1E7A4F7556}") = "Core.Response.Status", "Core.Response.Status\Core.Response.Status.csproj", "{AC639961-84EE-49AE-B9A6-DBF4229CE0A8}"
EndProject
Project("{9A19103F-16F7-4668-BE54-9A1E7A4F7556}") = "School.Data.Contracts", "School.Data.Contracts\School.Data.Contracts.csproj", "{359B1C8A-BF51-4ABC-9251-1207DC1686DA}"
EndProject
Project("{9A19103F-16F7-4668-BE54-9A1E7A4F7556}") = "User.Identity.Provider", "User.Identity.Provider\User.Identity.Provider.csproj", "{0B238400-8581-48A5-BABA-B941C87CD361}"
EndProject
Project("{9A19103F-16F7-4668-BE54-9A1E7A4F7556}") = "School.Client.Business.Scores", "School.Client.Business.Scores\School.Client.Business.Scores.csproj", "{7FFA4CBF-2A91-49E9-B53F-972B61AD61A9}"
EndProject
Project("{FAE04EC0-301F-11D3-BF4B-00C04F79EFBC}") = "Core.General", "Core.General\Core.General.csproj", "{F140ED4F-D854-4854-A92D-D7398AFB2D9F}"
EndProject
Global
	GlobalSection(SolutionConfigurationPlatforms) = preSolution
		Debug|Any CPU = Debug|Any CPU
		Release|Any CPU = Release|Any CPU
	EndGlobalSection
	GlobalSection(ProjectConfigurationPlatforms) = postSolution
		{A6703E02-5890-4FCF-BB39-E555EEE0376F}.Debug|Any CPU.ActiveCfg = Debug|Any CPU
		{A6703E02-5890-4FCF-BB39-E555EEE0376F}.Debug|Any CPU.Build.0 = Debug|Any CPU
		{A6703E02-5890-4FCF-BB39-E555EEE0376F}.Release|Any CPU.ActiveCfg = Release|Any CPU
		{A6703E02-5890-4FCF-BB39-E555EEE0376F}.Release|Any CPU.Build.0 = Release|Any CPU
		{4436E4B7-113E-4680-AD9B-B15B83306CEB}.Debug|Any CPU.ActiveCfg = Debug|Any CPU
		{4436E4B7-113E-4680-AD9B-B15B83306CEB}.Debug|Any CPU.Build.0 = Debug|Any CPU
		{4436E4B7-113E-4680-AD9B-B15B83306CEB}.Release|Any CPU.ActiveCfg = Release|Any CPU
		{4436E4B7-113E-4680-AD9B-B15B83306CEB}.Release|Any CPU.Build.0 = Release|Any CPU
		{C204AB14-6C50-4122-A809-823C45C26BAF}.Debug|Any CPU.ActiveCfg = Debug|Any CPU
		{C204AB14-6C50-4122-A809-823C45C26BAF}.Debug|Any CPU.Build.0 = Debug|Any CPU
		{C204AB14-6C50-4122-A809-823C45C26BAF}.Release|Any CPU.ActiveCfg = Release|Any CPU
		{C204AB14-6C50-4122-A809-823C45C26BAF}.Release|Any CPU.Build.0 = Release|Any CPU
		{1E319D07-5B6D-4FBC-BEC0-25A4AD9B0728}.Debug|Any CPU.ActiveCfg = Debug|Any CPU
		{1E319D07-5B6D-4FBC-BEC0-25A4AD9B0728}.Debug|Any CPU.Build.0 = Debug|Any CPU
		{1E319D07-5B6D-4FBC-BEC0-25A4AD9B0728}.Release|Any CPU.ActiveCfg = Release|Any CPU
		{1E319D07-5B6D-4FBC-BEC0-25A4AD9B0728}.Release|Any CPU.Build.0 = Release|Any CPU
		{6A796DC7-7175-462D-8AE0-B9F2770381BF}.Debug|Any CPU.ActiveCfg = Debug|Any CPU
		{6A796DC7-7175-462D-8AE0-B9F2770381BF}.Debug|Any CPU.Build.0 = Debug|Any CPU
		{6A796DC7-7175-462D-8AE0-B9F2770381BF}.Release|Any CPU.ActiveCfg = Release|Any CPU
		{6A796DC7-7175-462D-8AE0-B9F2770381BF}.Release|Any CPU.Build.0 = Release|Any CPU
		{F8FA9C39-FE8D-4F9D-896C-3237193F099D}.Debug|Any CPU.ActiveCfg = Debug|Any CPU
		{F8FA9C39-FE8D-4F9D-896C-3237193F099D}.Debug|Any CPU.Build.0 = Debug|Any CPU
		{F8FA9C39-FE8D-4F9D-896C-3237193F099D}.Release|Any CPU.ActiveCfg = Release|Any CPU
		{F8FA9C39-FE8D-4F9D-896C-3237193F099D}.Release|Any CPU.Build.0 = Release|Any CPU
		{E79FBC87-7984-42A8-8153-FF580DD71A18}.Debug|Any CPU.ActiveCfg = Debug|Any CPU
		{E79FBC87-7984-42A8-8153-FF580DD71A18}.Debug|Any CPU.Build.0 = Debug|Any CPU
		{E79FBC87-7984-42A8-8153-FF580DD71A18}.Release|Any CPU.ActiveCfg = Release|Any CPU
		{E79FBC87-7984-42A8-8153-FF580DD71A18}.Release|Any CPU.Build.0 = Release|Any CPU
		{BD071D82-31B1-4B98-9191-B4753B431F39}.Debug|Any CPU.ActiveCfg = Debug|Any CPU
		{BD071D82-31B1-4B98-9191-B4753B431F39}.Debug|Any CPU.Build.0 = Debug|Any CPU
		{BD071D82-31B1-4B98-9191-B4753B431F39}.Release|Any CPU.ActiveCfg = Release|Any CPU
		{BD071D82-31B1-4B98-9191-B4753B431F39}.Release|Any CPU.Build.0 = Release|Any CPU
		{E91FDC57-9D9F-4836-AC13-44DDF6ADD6C1}.Debug|Any CPU.ActiveCfg = Debug|Any CPU
		{E91FDC57-9D9F-4836-AC13-44DDF6ADD6C1}.Debug|Any CPU.Build.0 = Debug|Any CPU
		{E91FDC57-9D9F-4836-AC13-44DDF6ADD6C1}.Release|Any CPU.ActiveCfg = Release|Any CPU
		{E91FDC57-9D9F-4836-AC13-44DDF6ADD6C1}.Release|Any CPU.Build.0 = Release|Any CPU
		{3124FF4C-977A-481F-868C-530547B2A160}.Debug|Any CPU.ActiveCfg = Debug|Any CPU
		{3124FF4C-977A-481F-868C-530547B2A160}.Debug|Any CPU.Build.0 = Debug|Any CPU
		{3124FF4C-977A-481F-868C-530547B2A160}.Release|Any CPU.ActiveCfg = Release|Any CPU
		{3124FF4C-977A-481F-868C-530547B2A160}.Release|Any CPU.Build.0 = Release|Any CPU
		{279AC19D-173B-4FAE-B04F-CCFDF4BAFAA9}.Debug|Any CPU.ActiveCfg = Debug|Any CPU
		{279AC19D-173B-4FAE-B04F-CCFDF4BAFAA9}.Debug|Any CPU.Build.0 = Debug|Any CPU
		{279AC19D-173B-4FAE-B04F-CCFDF4BAFAA9}.Release|Any CPU.ActiveCfg = Release|Any CPU
		{279AC19D-173B-4FAE-B04F-CCFDF4BAFAA9}.Release|Any CPU.Build.0 = Release|Any CPU
		{EE750FB4-5529-4C41-B695-38E6BF034603}.Debug|Any CPU.ActiveCfg = Debug|Any CPU
		{EE750FB4-5529-4C41-B695-38E6BF034603}.Debug|Any CPU.Build.0 = Debug|Any CPU
		{EE750FB4-5529-4C41-B695-38E6BF034603}.Release|Any CPU.ActiveCfg = Release|Any CPU
		{EE750FB4-5529-4C41-B695-38E6BF034603}.Release|Any CPU.Build.0 = Release|Any CPU
		{6CE352B0-1428-4171-9D0A-ADF902638E13}.Debug|Any CPU.ActiveCfg = Debug|Any CPU
		{6CE352B0-1428-4171-9D0A-ADF902638E13}.Debug|Any CPU.Build.0 = Debug|Any CPU
		{6CE352B0-1428-4171-9D0A-ADF902638E13}.Release|Any CPU.ActiveCfg = Release|Any CPU
		{6CE352B0-1428-4171-9D0A-ADF902638E13}.Release|Any CPU.Build.0 = Release|Any CPU
		{2CABF361-D44F-436D-9AA3-E2DC283A9151}.Debug|Any CPU.ActiveCfg = Debug|Any CPU
		{2CABF361-D44F-436D-9AA3-E2DC283A9151}.Debug|Any CPU.Build.0 = Debug|Any CPU
		{2CABF361-D44F-436D-9AA3-E2DC283A9151}.Release|Any CPU.ActiveCfg = Release|Any CPU
		{2CABF361-D44F-436D-9AA3-E2DC283A9151}.Release|Any CPU.Build.0 = Release|Any CPU
		{794A8BC7-AE52-47C7-A950-64B1EBB71339}.Debug|Any CPU.ActiveCfg = Debug|Any CPU
		{794A8BC7-AE52-47C7-A950-64B1EBB71339}.Debug|Any CPU.Build.0 = Debug|Any CPU
		{794A8BC7-AE52-47C7-A950-64B1EBB71339}.Release|Any CPU.ActiveCfg = Release|Any CPU
		{794A8BC7-AE52-47C7-A950-64B1EBB71339}.Release|Any CPU.Build.0 = Release|Any CPU
		{769C820D-ADFB-475B-9BAD-8CF6DFB82D36}.Debug|Any CPU.ActiveCfg = Debug|Any CPU
		{769C820D-ADFB-475B-9BAD-8CF6DFB82D36}.Debug|Any CPU.Build.0 = Debug|Any CPU
		{769C820D-ADFB-475B-9BAD-8CF6DFB82D36}.Release|Any CPU.ActiveCfg = Release|Any CPU
		{769C820D-ADFB-475B-9BAD-8CF6DFB82D36}.Release|Any CPU.Build.0 = Release|Any CPU
		{7480E2DA-D5FC-4AE5-A3C7-59B9455BDA40}.Debug|Any CPU.ActiveCfg = Debug|Any CPU
		{7480E2DA-D5FC-4AE5-A3C7-59B9455BDA40}.Debug|Any CPU.Build.0 = Debug|Any CPU
		{7480E2DA-D5FC-4AE5-A3C7-59B9455BDA40}.Release|Any CPU.ActiveCfg = Release|Any CPU
		{7480E2DA-D5FC-4AE5-A3C7-59B9455BDA40}.Release|Any CPU.Build.0 = Release|Any CPU
		{8B887D6D-51C2-4311-B034-7160172BF765}.Debug|Any CPU.ActiveCfg = Debug|Any CPU
		{8B887D6D-51C2-4311-B034-7160172BF765}.Debug|Any CPU.Build.0 = Debug|Any CPU
		{8B887D6D-51C2-4311-B034-7160172BF765}.Release|Any CPU.ActiveCfg = Release|Any CPU
		{8B887D6D-51C2-4311-B034-7160172BF765}.Release|Any CPU.Build.0 = Release|Any CPU
		{C13A520C-EC38-480A-AC96-90F51B00891F}.Debug|Any CPU.ActiveCfg = Debug|Any CPU
		{C13A520C-EC38-480A-AC96-90F51B00891F}.Debug|Any CPU.Build.0 = Debug|Any CPU
		{C13A520C-EC38-480A-AC96-90F51B00891F}.Release|Any CPU.ActiveCfg = Release|Any CPU
		{C13A520C-EC38-480A-AC96-90F51B00891F}.Release|Any CPU.Build.0 = Release|Any CPU
		{4EE03125-4603-4DB0-8285-ADB8BE30A80A}.Debug|Any CPU.ActiveCfg = Debug|Any CPU
		{4EE03125-4603-4DB0-8285-ADB8BE30A80A}.Debug|Any CPU.Build.0 = Debug|Any CPU
		{4EE03125-4603-4DB0-8285-ADB8BE30A80A}.Release|Any CPU.ActiveCfg = Release|Any CPU
		{4EE03125-4603-4DB0-8285-ADB8BE30A80A}.Release|Any CPU.Build.0 = Release|Any CPU
		{FA694729-1894-4CBB-84C6-5C6155884FC7}.Debug|Any CPU.ActiveCfg = Debug|Any CPU
		{FA694729-1894-4CBB-84C6-5C6155884FC7}.Debug|Any CPU.Build.0 = Debug|Any CPU
		{FA694729-1894-4CBB-84C6-5C6155884FC7}.Release|Any CPU.ActiveCfg = Release|Any CPU
		{FA694729-1894-4CBB-84C6-5C6155884FC7}.Release|Any CPU.Build.0 = Release|Any CPU
		{1681D736-BDF7-45CF-8923-987D3BABA8DB}.Debug|Any CPU.ActiveCfg = Debug|Any CPU
		{1681D736-BDF7-45CF-8923-987D3BABA8DB}.Debug|Any CPU.Build.0 = Debug|Any CPU
		{1681D736-BDF7-45CF-8923-987D3BABA8DB}.Release|Any CPU.ActiveCfg = Release|Any CPU
		{1681D736-BDF7-45CF-8923-987D3BABA8DB}.Release|Any CPU.Build.0 = Release|Any CPU
		{1C503DED-84BA-4253-B683-B011EE622609}.Debug|Any CPU.ActiveCfg = Debug|Any CPU
		{1C503DED-84BA-4253-B683-B011EE622609}.Debug|Any CPU.Build.0 = Debug|Any CPU
		{1C503DED-84BA-4253-B683-B011EE622609}.Release|Any CPU.ActiveCfg = Release|Any CPU
		{1C503DED-84BA-4253-B683-B011EE622609}.Release|Any CPU.Build.0 = Release|Any CPU
		{5C6B19F8-9612-4934-AFB3-2B0A58473928}.Debug|Any CPU.ActiveCfg = Debug|Any CPU
		{5C6B19F8-9612-4934-AFB3-2B0A58473928}.Debug|Any CPU.Build.0 = Debug|Any CPU
		{5C6B19F8-9612-4934-AFB3-2B0A58473928}.Release|Any CPU.ActiveCfg = Release|Any CPU
		{5C6B19F8-9612-4934-AFB3-2B0A58473928}.Release|Any CPU.Build.0 = Release|Any CPU
		{43BD0BE5-84A8-4C17-A613-23AB3698D997}.Debug|Any CPU.ActiveCfg = Debug|Any CPU
		{43BD0BE5-84A8-4C17-A613-23AB3698D997}.Debug|Any CPU.Build.0 = Debug|Any CPU
		{43BD0BE5-84A8-4C17-A613-23AB3698D997}.Release|Any CPU.ActiveCfg = Release|Any CPU
		{43BD0BE5-84A8-4C17-A613-23AB3698D997}.Release|Any CPU.Build.0 = Release|Any CPU
		{670ECF35-67B6-4810-B7DB-28BC26CD8434}.Debug|Any CPU.ActiveCfg = Debug|Any CPU
		{670ECF35-67B6-4810-B7DB-28BC26CD8434}.Debug|Any CPU.Build.0 = Debug|Any CPU
		{670ECF35-67B6-4810-B7DB-28BC26CD8434}.Release|Any CPU.ActiveCfg = Release|Any CPU
		{670ECF35-67B6-4810-B7DB-28BC26CD8434}.Release|Any CPU.Build.0 = Release|Any CPU
		{98DC9FE3-F8C1-4E12-ABF7-2D90704940CF}.Debug|Any CPU.ActiveCfg = Debug|Any CPU
		{98DC9FE3-F8C1-4E12-ABF7-2D90704940CF}.Debug|Any CPU.Build.0 = Debug|Any CPU
		{98DC9FE3-F8C1-4E12-ABF7-2D90704940CF}.Release|Any CPU.ActiveCfg = Release|Any CPU
		{98DC9FE3-F8C1-4E12-ABF7-2D90704940CF}.Release|Any CPU.Build.0 = Release|Any CPU
		{37E1105B-FC87-4BD4-B635-839208337BC9}.Debug|Any CPU.ActiveCfg = Debug|Any CPU
		{37E1105B-FC87-4BD4-B635-839208337BC9}.Debug|Any CPU.Build.0 = Debug|Any CPU
		{37E1105B-FC87-4BD4-B635-839208337BC9}.Release|Any CPU.ActiveCfg = Release|Any CPU
		{37E1105B-FC87-4BD4-B635-839208337BC9}.Release|Any CPU.Build.0 = Release|Any CPU
		{54C126BA-1FF9-4EE9-9BAF-9576BA342069}.Debug|Any CPU.ActiveCfg = Debug|Any CPU
		{54C126BA-1FF9-4EE9-9BAF-9576BA342069}.Debug|Any CPU.Build.0 = Debug|Any CPU
		{54C126BA-1FF9-4EE9-9BAF-9576BA342069}.Release|Any CPU.ActiveCfg = Release|Any CPU
		{54C126BA-1FF9-4EE9-9BAF-9576BA342069}.Release|Any CPU.Build.0 = Release|Any CPU
		{80C788DE-4237-4C95-94A2-8E606F4CC6F9}.Debug|Any CPU.ActiveCfg = Debug|Any CPU
		{80C788DE-4237-4C95-94A2-8E606F4CC6F9}.Debug|Any CPU.Build.0 = Debug|Any CPU
		{80C788DE-4237-4C95-94A2-8E606F4CC6F9}.Release|Any CPU.ActiveCfg = Release|Any CPU
		{80C788DE-4237-4C95-94A2-8E606F4CC6F9}.Release|Any CPU.Build.0 = Release|Any CPU
		{DDCD2273-F9E2-4587-B1BE-CA9A84A44212}.Debug|Any CPU.ActiveCfg = Debug|Any CPU
		{DDCD2273-F9E2-4587-B1BE-CA9A84A44212}.Debug|Any CPU.Build.0 = Debug|Any CPU
		{DDCD2273-F9E2-4587-B1BE-CA9A84A44212}.Release|Any CPU.ActiveCfg = Release|Any CPU
		{DDCD2273-F9E2-4587-B1BE-CA9A84A44212}.Release|Any CPU.Build.0 = Release|Any CPU
		{AC639961-84EE-49AE-B9A6-DBF4229CE0A8}.Debug|Any CPU.ActiveCfg = Debug|Any CPU
		{AC639961-84EE-49AE-B9A6-DBF4229CE0A8}.Debug|Any CPU.Build.0 = Debug|Any CPU
		{AC639961-84EE-49AE-B9A6-DBF4229CE0A8}.Release|Any CPU.ActiveCfg = Release|Any CPU
		{AC639961-84EE-49AE-B9A6-DBF4229CE0A8}.Release|Any CPU.Build.0 = Release|Any CPU
		{359B1C8A-BF51-4ABC-9251-1207DC1686DA}.Debug|Any CPU.ActiveCfg = Debug|Any CPU
		{359B1C8A-BF51-4ABC-9251-1207DC1686DA}.Debug|Any CPU.Build.0 = Debug|Any CPU
		{359B1C8A-BF51-4ABC-9251-1207DC1686DA}.Release|Any CPU.ActiveCfg = Release|Any CPU
		{359B1C8A-BF51-4ABC-9251-1207DC1686DA}.Release|Any CPU.Build.0 = Release|Any CPU
		{0B238400-8581-48A5-BABA-B941C87CD361}.Debug|Any CPU.ActiveCfg = Debug|Any CPU
		{0B238400-8581-48A5-BABA-B941C87CD361}.Debug|Any CPU.Build.0 = Debug|Any CPU
		{0B238400-8581-48A5-BABA-B941C87CD361}.Release|Any CPU.ActiveCfg = Release|Any CPU
		{0B238400-8581-48A5-BABA-B941C87CD361}.Release|Any CPU.Build.0 = Release|Any CPU
		{7FFA4CBF-2A91-49E9-B53F-972B61AD61A9}.Debug|Any CPU.ActiveCfg = Debug|Any CPU
		{7FFA4CBF-2A91-49E9-B53F-972B61AD61A9}.Debug|Any CPU.Build.0 = Debug|Any CPU
		{7FFA4CBF-2A91-49E9-B53F-972B61AD61A9}.Release|Any CPU.ActiveCfg = Release|Any CPU
		{7FFA4CBF-2A91-49E9-B53F-972B61AD61A9}.Release|Any CPU.Build.0 = Release|Any CPU
		{F140ED4F-D854-4854-A92D-D7398AFB2D9F}.Debug|Any CPU.ActiveCfg = Debug|Any CPU
		{F140ED4F-D854-4854-A92D-D7398AFB2D9F}.Debug|Any CPU.Build.0 = Debug|Any CPU
		{F140ED4F-D854-4854-A92D-D7398AFB2D9F}.Release|Any CPU.ActiveCfg = Release|Any CPU
		{F140ED4F-D854-4854-A92D-D7398AFB2D9F}.Release|Any CPU.Build.0 = Release|Any CPU
	EndGlobalSection
	GlobalSection(SolutionProperties) = preSolution
		HideSolutionNode = FALSE
	EndGlobalSection
	GlobalSection(NestedProjects) = preSolution
		{A6703E02-5890-4FCF-BB39-E555EEE0376F} = {5C434E88-80DD-4F17-ABF6-06DC542F51AA}
		{4436E4B7-113E-4680-AD9B-B15B83306CEB} = {C29CF09A-AB36-4FDA-AA32-77D45B136B36}
		{C204AB14-6C50-4122-A809-823C45C26BAF} = {C29CF09A-AB36-4FDA-AA32-77D45B136B36}
		{1E319D07-5B6D-4FBC-BEC0-25A4AD9B0728} = {5E373789-FA2C-40B0-9C4E-2C1109209544}
		{6A796DC7-7175-462D-8AE0-B9F2770381BF} = {5E373789-FA2C-40B0-9C4E-2C1109209544}
		{F8FA9C39-FE8D-4F9D-896C-3237193F099D} = {5E373789-FA2C-40B0-9C4E-2C1109209544}
		{E79FBC87-7984-42A8-8153-FF580DD71A18} = {5E373789-FA2C-40B0-9C4E-2C1109209544}
		{BD071D82-31B1-4B98-9191-B4753B431F39} = {5E373789-FA2C-40B0-9C4E-2C1109209544}
		{E91FDC57-9D9F-4836-AC13-44DDF6ADD6C1} = {5E373789-FA2C-40B0-9C4E-2C1109209544}
		{3124FF4C-977A-481F-868C-530547B2A160} = {5E373789-FA2C-40B0-9C4E-2C1109209544}
		{279AC19D-173B-4FAE-B04F-CCFDF4BAFAA9} = {5E373789-FA2C-40B0-9C4E-2C1109209544}
		{EE750FB4-5529-4C41-B695-38E6BF034603} = {5E373789-FA2C-40B0-9C4E-2C1109209544}
		{6CE352B0-1428-4171-9D0A-ADF902638E13} = {5E373789-FA2C-40B0-9C4E-2C1109209544}
		{2CABF361-D44F-436D-9AA3-E2DC283A9151} = {5E373789-FA2C-40B0-9C4E-2C1109209544}
		{794A8BC7-AE52-47C7-A950-64B1EBB71339} = {5E373789-FA2C-40B0-9C4E-2C1109209544}
		{769C820D-ADFB-475B-9BAD-8CF6DFB82D36} = {5E373789-FA2C-40B0-9C4E-2C1109209544}
		{7480E2DA-D5FC-4AE5-A3C7-59B9455BDA40} = {5E373789-FA2C-40B0-9C4E-2C1109209544}
		{8B887D6D-51C2-4311-B034-7160172BF765} = {1714C5AA-D72E-422F-82FC-106C1016564D}
		{C13A520C-EC38-480A-AC96-90F51B00891F} = {1714C5AA-D72E-422F-82FC-106C1016564D}
		{4EE03125-4603-4DB0-8285-ADB8BE30A80A} = {1714C5AA-D72E-422F-82FC-106C1016564D}
		{FA694729-1894-4CBB-84C6-5C6155884FC7} = {1714C5AA-D72E-422F-82FC-106C1016564D}
		{1681D736-BDF7-45CF-8923-987D3BABA8DB} = {1714C5AA-D72E-422F-82FC-106C1016564D}
		{1C503DED-84BA-4253-B683-B011EE622609} = {1714C5AA-D72E-422F-82FC-106C1016564D}
		{5C6B19F8-9612-4934-AFB3-2B0A58473928} = {1714C5AA-D72E-422F-82FC-106C1016564D}
		{43BD0BE5-84A8-4C17-A613-23AB3698D997} = {1714C5AA-D72E-422F-82FC-106C1016564D}
		{670ECF35-67B6-4810-B7DB-28BC26CD8434} = {1714C5AA-D72E-422F-82FC-106C1016564D}
		{98DC9FE3-F8C1-4E12-ABF7-2D90704940CF} = {1714C5AA-D72E-422F-82FC-106C1016564D}
		{37E1105B-FC87-4BD4-B635-839208337BC9} = {1714C5AA-D72E-422F-82FC-106C1016564D}
		{54C126BA-1FF9-4EE9-9BAF-9576BA342069} = {1714C5AA-D72E-422F-82FC-106C1016564D}
		{80C788DE-4237-4C95-94A2-8E606F4CC6F9} = {1714C5AA-D72E-422F-82FC-106C1016564D}
		{DDCD2273-F9E2-4587-B1BE-CA9A84A44212} = {C29CF09A-AB36-4FDA-AA32-77D45B136B36}
		{AC639961-84EE-49AE-B9A6-DBF4229CE0A8} = {C29CF09A-AB36-4FDA-AA32-77D45B136B36}
		{359B1C8A-BF51-4ABC-9251-1207DC1686DA} = {5C434E88-80DD-4F17-ABF6-06DC542F51AA}
		{0B238400-8581-48A5-BABA-B941C87CD361} = {D8ADE41D-4752-4BEA-BE72-BC20A36E294C}
		{7FFA4CBF-2A91-49E9-B53F-972B61AD61A9} = {1714C5AA-D72E-422F-82FC-106C1016564D}
		{F140ED4F-D854-4854-A92D-D7398AFB2D9F} = {C29CF09A-AB36-4FDA-AA32-77D45B136B36}
	EndGlobalSection
	GlobalSection(ExtensibilityGlobals) = postSolution
		SolutionGuid = {7F6C22E8-64C9-4B71-9A41-7BBD8BE233B6}
	EndGlobalSection
EndGlobal
